{
  "originHash" : "0805ea3b3c42d63b35d5afec4be94d3b7878ae4118c2f89915578c3e21df1418",
  "pins" : [
    {
      "identity" : "sdk-swift-ui",
      "kind" : "remoteSourceControl",
      "location" : "https://github.com/trinsic-id/sdk-swift-ui",
      "state" : {
        "branch" : "main",
        "revision" : "3a8d5068820fd28100d8d8e612bd44385e31acda"
      }
    }
  ],
  "version" : 3
}
