{
  "originHash" : "0805ea3b3c42d63b35d5afec4be94d3b7878ae4118c2f89915578c3e21df1418",
  "pins" : [
    {
      "identity" : "sdk-swift-ui",
      "kind" : "remoteSourceControl",
      "location" : "https://github.com/trinsic-id/sdk-swift-ui",
      "state" : {
        "branch" : "main",
        "revision" : "0f9e6cf79c7c6fbad91d5085ea92d1c8a0b319aa"
      }
    }
  ],
  "version" : 3
}
